
Microsoft Visual Studio Solution File, Format Version 12.00
# Visual Studio Version 16
VisualStudioVersion = 16.0.30413.136
MinimumVisualStudioVersion = 10.0.40219.1
Project("{FAE04EC0-301F-11D3-BF4B-00C04F79EFBC}") = "Demo.Web", "Demo.Web\Demo.Web.csproj", "{786A0504-F772-442F-87BC-034C68965E26}"
EndProject
Project("{FAE04EC0-301F-11D3-BF4B-00C04F79EFBC}") = "Demo.Tests", "Demo.Tests\Demo.Tests.csproj", "{CE205985-2BAF-417F-9E2E-05AE3840B089}"
EndProject
Global
	GlobalSection(SolutionConfigurationPlatforms) = preSolution
		Debug|Any CPU = Debug|Any CPU
		Release|Any CPU = Release|Any CPU
	EndGlobalSection
	GlobalSection(ProjectConfigurationPlatforms) = postSolution
		{786A0504-F772-442F-87BC-034C68965E26}.Debug|Any CPU.ActiveCfg = Debug|Any CPU
		{786A0504-F772-442F-87BC-034C68965E26}.Debug|Any CPU.Build.0 = Debug|Any CPU
		{786A0504-F772-442F-87BC-034C68965E26}.Release|Any CPU.ActiveCfg = Release|Any CPU
		{786A0504-F772-442F-87BC-034C68965E26}.Release|Any CPU.Build.0 = Release|Any CPU
		{CE205985-2BAF-417F-9E2E-05AE3840B089}.Debug|Any CPU.ActiveCfg = Debug|Any CPU
		{CE205985-2BAF-417F-9E2E-05AE3840B089}.Debug|Any CPU.Build.0 = Debug|Any CPU
		{CE205985-2BAF-417F-9E2E-05AE3840B089}.Release|Any CPU.ActiveCfg = Release|Any CPU
		{CE205985-2BAF-417F-9E2E-05AE3840B089}.Release|Any CPU.Build.0 = Release|Any CPU
	EndGlobalSection
	GlobalSection(SolutionProperties) = preSolution
		HideSolutionNode = FALSE
	EndGlobalSection
	GlobalSection(ExtensibilityGlobals) = postSolution
		SolutionGuid = {36C8AAEA-8EA9-4752-A288-EFA8ECDAC0D7}
	EndGlobalSection
EndGlobal
